{
  "name": "data-structure",
  "version": "1.0.0",
  "lockfileVersion": 1,
  "requires": true,
  "dependencies": {
    "eventemitter2": {
      "version": "6.4.3",
      "resolved": "https://registry.npm.taobao.org/eventemitter2/download/eventemitter2-6.4.3.tgz",
      "integrity": "sha1-NcVjYZsT82gefrBcva9Q9WuliCA="
    }
  }
}
